
Microsoft Visual Studio Solution File, Format Version 12.00
# Visual Studio Version 16
VisualStudioVersion = 25.0.1706.0
MinimumVisualStudioVersion = 10.0.40219.1
Project("{FAE04EC0-301F-11D3-BF4B-00C04F79EFBC}") = "Memphis-Zoo", "Memphis-Zoo\Memphis-Zoo.csproj", "{46D9ADA7-DEE4-470D-821A-6EB737AA36F5}"
EndProject
Global
	GlobalSection(SolutionConfigurationPlatforms) = preSolution
		Debug|Any CPU = Debug|Any CPU
		Release|Any CPU = Release|Any CPU
	EndGlobalSection
	GlobalSection(ProjectConfigurationPlatforms) = postSolution
		{46D9ADA7-DEE4-470D-821A-6EB737AA36F5}.Debug|Any CPU.ActiveCfg = Debug|Any CPU
		{46D9ADA7-DEE4-470D-821A-6EB737AA36F5}.Debug|Any CPU.Build.0 = Debug|Any CPU
		{46D9ADA7-DEE4-470D-821A-6EB737AA36F5}.Release|Any CPU.ActiveCfg = Release|Any CPU
		{46D9ADA7-DEE4-470D-821A-6EB737AA36F5}.Release|Any CPU.Build.0 = Release|Any CPU
	EndGlobalSection
	GlobalSection(SolutionProperties) = preSolution
		HideSolutionNode = FALSE
	EndGlobalSection
	GlobalSection(ExtensibilityGlobals) = postSolution
		SolutionGuid = {1C45323F-3C53-4CE8-8D3C-34532CC13643}
	EndGlobalSection
EndGlobal
